<?xml version="1.0" encoding="utf-8"?>
<Project ToolsVersion="4.0" xmlns="http://schemas.microsoft.com/developer/msbuild/2003">
  <ItemGroup>
    <ClCompile Include="Animator.cpp">
      <Filter>Source Files</Filter>
    </ClCompile>
    <ClCompile Include="Camera.cpp">
      <Filter>Source Files</Filter>
    </ClCompile>
    <ClCompile Include="ColliableBrick.cpp">
      <Filter>Source Files</Filter>
    </ClCompile>
    <ClCompile Include="CollisionSystem.cpp">
      <Filter>Source Files</Filter>
    </ClCompile>
    <ClCompile Include="Debug.cpp">
      <Filter>Source Files</Filter>
    </ClCompile>
    <ClCompile Include="DInput.cpp">
      <Filter>Source Files</Filter>
    </ClCompile>
    <ClCompile Include="DynamicObject.cpp">
      <Filter>Source Files</Filter>
    </ClCompile>
    <ClCompile Include="Game.cpp">
      <Filter>Source Files</Filter>
    </ClCompile>
    <ClCompile Include="GameObject.cpp">
      <Filter>Source Files</Filter>
    </ClCompile>
    <ClCompile Include="main.cpp">
      <Filter>Source Files</Filter>
    </ClCompile>
    <ClCompile Include="PlayScene.cpp">
      <Filter>Source Files</Filter>
    </ClCompile>
    <ClCompile Include="Scene.cpp">
      <Filter>Source Files</Filter>
    </ClCompile>
    <ClCompile Include="Sprites.cpp">
      <Filter>Source Files</Filter>
    </ClCompile>
    <ClCompile Include="StaticObject.cpp">
      <Filter>Source Files</Filter>
    </ClCompile>
    <ClCompile Include="Textures.cpp">
      <Filter>Source Files</Filter>
    </ClCompile>
    <ClCompile Include="Utils.cpp">
      <Filter>Source Files</Filter>
    </ClCompile>
    <ClCompile Include="Animator_Sophia.cpp">
      <Filter>Source Files\Animator</Filter>
    </ClCompile>
    <ClCompile Include="Animator_Jason.cpp">
      <Filter>Source Files\Animator</Filter>
    </ClCompile>
    <ClCompile Include="Animator_Jumper.cpp">
      <Filter>Source Files\Animator</Filter>
    </ClCompile>
    <ClCompile Include="Canon.cpp">
      <Filter>Source Files\Enemy</Filter>
    </ClCompile>
    <ClCompile Include="Dome.cpp">
      <Filter>Source Files\Enemy</Filter>
    </ClCompile>
    <ClCompile Include="Eyeball.cpp">
      <Filter>Source Files\Enemy</Filter>
    </ClCompile>
    <ClCompile Include="Floater.cpp">
      <Filter>Source Files\Enemy</Filter>
    </ClCompile>
    <ClCompile Include="Insect.cpp">
      <Filter>Source Files\Enemy</Filter>
    </ClCompile>
    <ClCompile Include="Jumper.cpp">
      <Filter>Source Files\Enemy</Filter>
    </ClCompile>
    <ClCompile Include="Mine.cpp">
      <Filter>Source Files\Enemy</Filter>
    </ClCompile>
    <ClCompile Include="Orb.cpp">
      <Filter>Source Files\Enemy</Filter>
    </ClCompile>
    <ClCompile Include="Skull.cpp">
      <Filter>Source Files\Enemy</Filter>
    </ClCompile>
    <ClCompile Include="Teleporter.cpp">
      <Filter>Source Files\Enemy</Filter>
    </ClCompile>
    <ClCompile Include="Worm.cpp">
      <Filter>Source Files\Enemy</Filter>
    </ClCompile>
    <ClCompile Include="Jason.cpp">
      <Filter>Source Files\Playable</Filter>
    </ClCompile>
    <ClCompile Include="Sophia.cpp">
      <Filter>Source Files\Playable</Filter>
    </ClCompile>
    <ClCompile Include="Skull_Bullet.cpp">
      <Filter>Source Files\Bullet</Filter>
    </ClCompile>
    <ClCompile Include="Explosive.cpp">
      <Filter>Source Files\Bullet</Filter>
    </ClCompile>
    <ClCompile Include="Sophia_Bullet_1.cpp">
      <Filter>Source Files\Bullet</Filter>
    </ClCompile>
  </ItemGroup>
  <ItemGroup>
    <ClInclude Include="Animator.h">
      <Filter>Header Files</Filter>
    </ClInclude>
    <ClInclude Include="Camera.h">
      <Filter>Header Files</Filter>
    </ClInclude>
    <ClInclude Include="ColliableBrick.h">
      <Filter>Header Files</Filter>
    </ClInclude>
    <ClInclude Include="CollisionEvent.h">
      <Filter>Header Files</Filter>
    </ClInclude>
    <ClInclude Include="CollisionSystem.h">
      <Filter>Header Files</Filter>
    </ClInclude>
    <ClInclude Include="Debug.h">
      <Filter>Header Files</Filter>
    </ClInclude>
    <ClInclude Include="DInput.h">
      <Filter>Header Files</Filter>
    </ClInclude>
    <ClInclude Include="DynamicObject.h">
      <Filter>Header Files</Filter>
    </ClInclude>
    <ClInclude Include="Game.h">
      <Filter>Header Files</Filter>
    </ClInclude>
    <ClInclude Include="GameObject.h">
      <Filter>Header Files</Filter>
    </ClInclude>
    <ClInclude Include="PlayScene.h">
      <Filter>Header Files</Filter>
    </ClInclude>
    <ClInclude Include="RECT.h">
      <Filter>Header Files</Filter>
    </ClInclude>
    <ClInclude Include="RigidBody.h">
      <Filter>Header Files</Filter>
    </ClInclude>
    <ClInclude Include="Scene.h">
      <Filter>Header Files</Filter>
    </ClInclude>
    <ClInclude Include="Sprites.h">
      <Filter>Header Files</Filter>
    </ClInclude>
    <ClInclude Include="StateConstant.h">
      <Filter>Header Files</Filter>
    </ClInclude>
    <ClInclude Include="StaticObject.h">
      <Filter>Header Files</Filter>
    </ClInclude>
    <ClInclude Include="Textures.h">
      <Filter>Header Files</Filter>
    </ClInclude>
    <ClInclude Include="Utils.h">
      <Filter>Header Files</Filter>
    </ClInclude>
    <ClInclude Include="Animator_Jason.h">
      <Filter>Header Files\Animator</Filter>
    </ClInclude>
    <ClInclude Include="Animator_Jumper.h">
      <Filter>Header Files\Animator</Filter>
    </ClInclude>
    <ClInclude Include="Animator_Sophia.h">
      <Filter>Header Files\Animator</Filter>
    </ClInclude>
    <ClInclude Include="Canon.h">
      <Filter>Header Files\Enemy</Filter>
    </ClInclude>
    <ClInclude Include="Dome.h">
      <Filter>Header Files\Enemy</Filter>
    </ClInclude>
    <ClInclude Include="Eyeball.h">
      <Filter>Header Files\Enemy</Filter>
    </ClInclude>
    <ClInclude Include="Floater.h">
      <Filter>Header Files\Enemy</Filter>
    </ClInclude>
    <ClInclude Include="Insect.h">
      <Filter>Header Files\Enemy</Filter>
    </ClInclude>
    <ClInclude Include="Jason.h">
      <Filter>Header Files\Playable</Filter>
    </ClInclude>
    <ClInclude Include="Jumper.h">
      <Filter>Header Files\Enemy</Filter>
    </ClInclude>
    <ClInclude Include="Mine.h">
      <Filter>Header Files\Enemy</Filter>
    </ClInclude>
    <ClInclude Include="Orb.h">
      <Filter>Header Files\Enemy</Filter>
    </ClInclude>
    <ClInclude Include="Skull.h">
      <Filter>Header Files\Enemy</Filter>
    </ClInclude>
    <ClInclude Include="Worm.h">
      <Filter>Header Files\Enemy</Filter>
    </ClInclude>
    <ClInclude Include="Teleporter.h">
      <Filter>Header Files\Enemy</Filter>
    </ClInclude>
    <ClInclude Include="Sophia.h">
      <Filter>Header Files\Playable</Filter>
    </ClInclude>
    <ClInclude Include="Skull_Bullet.h">
      <Filter>Header Files\Bullet</Filter>
    </ClInclude>
    <ClInclude Include="Explosive.h">
      <Filter>Header Files\Bullet</Filter>
    </ClInclude>
    <ClInclude Include="Sophia_Bullet_1.h">
      <Filter>Header Files\Bullet</Filter>
    </ClInclude>
  </ItemGroup>
  <ItemGroup>
    <Image Include="Sprite\FlyingEye.png">
      <Filter>Resource FIles</Filter>
    </Image>
    <Image Include="map.png">
      <Filter>Resource FIles</Filter>
    </Image>
    <Image Include="D:\DOWNLOAD\P2_Jason.png" />
  </ItemGroup>
  <ItemGroup>
    <Text Include="game-info.txt">
      <Filter>Resource FIles</Filter>
    </Text>
    <Text Include="scene1.txt">
      <Filter>Resource FIles</Filter>
    </Text>
  </ItemGroup>
  <ItemGroup>
    <Filter Include="Header Files">
      <UniqueIdentifier>{896c1db0-99a4-4414-a0fe-c2f8cf1514e7}</UniqueIdentifier>
    </Filter>
    <Filter Include="Source Files">
      <UniqueIdentifier>{40502f52-7cca-4927-b205-5307b64e2bee}</UniqueIdentifier>
    </Filter>
    <Filter Include="Resource FIles">
      <UniqueIdentifier>{d95600b6-7de8-4297-a773-90dc02a1f4da}</UniqueIdentifier>
    </Filter>
    <Filter Include="Header Files\Enemy">
      <UniqueIdentifier>{8ecec00a-4515-4b7a-9883-e1ae2442a4c3}</UniqueIdentifier>
    </Filter>
    <Filter Include="Header Files\Animator">
      <UniqueIdentifier>{666f5023-a78e-4ade-866c-0c0af4a82743}</UniqueIdentifier>
    </Filter>
    <Filter Include="Header Files\Playable">
      <UniqueIdentifier>{148b824d-9b40-4427-9439-749d712fc204}</UniqueIdentifier>
    </Filter>
    <Filter Include="Source Files\Animator">
      <UniqueIdentifier>{59dec169-e8c2-4d8d-8a27-84e6b9ac981b}</UniqueIdentifier>
    </Filter>
    <Filter Include="Source Files\Enemy">
      <UniqueIdentifier>{0034ab79-b05b-42df-87fe-3c7285892ad4}</UniqueIdentifier>
    </Filter>
    <Filter Include="Source Files\Playable">
      <UniqueIdentifier>{f00cae42-7ce1-4413-9006-3bbaa5dd3582}</UniqueIdentifier>
    </Filter>
    <Filter Include="Header Files\Bullet">
      <UniqueIdentifier>{1a266e41-1026-420e-bf24-8801a2bf87e0}</UniqueIdentifier>
    </Filter>
    <Filter Include="Source Files\Bullet">
      <UniqueIdentifier>{88298f10-7551-4143-97c7-20d15d7706fd}</UniqueIdentifier>
    </Filter>
  </ItemGroup>
</Project>