<?xml version="1.0" encoding="utf-8"?>
<Project ToolsVersion="4.0" xmlns="http://schemas.microsoft.com/developer/msbuild/2003">
  <ItemGroup>
    <ClCompile Include="Camera.cpp">
      <Filter>Source Files</Filter>
    </ClCompile>
    <ClCompile Include="ColliableBrick.cpp">
      <Filter>Source Files</Filter>
    </ClCompile>
    <ClCompile Include="CollisionSystem.cpp">
      <Filter>Source Files</Filter>
    </ClCompile>
    <ClCompile Include="Debug.cpp">
      <Filter>Source Files</Filter>
    </ClCompile>
    <ClCompile Include="DInput.cpp">
      <Filter>Source Files</Filter>
    </ClCompile>
    <ClCompile Include="DynamicObject.cpp">
      <Filter>Source Files</Filter>
    </ClCompile>
    <ClCompile Include="Game.cpp">
      <Filter>Source Files</Filter>
    </ClCompile>
    <ClCompile Include="GameObject.cpp">
      <Filter>Source Files</Filter>
    </ClCompile>
    <ClCompile Include="main.cpp">
      <Filter>Source Files</Filter>
    </ClCompile>
    <ClCompile Include="PlayScene.cpp">
      <Filter>Source Files</Filter>
    </ClCompile>
    <ClCompile Include="Sprites.cpp">
      <Filter>Source Files</Filter>
    </ClCompile>
    <ClCompile Include="StaticObject.cpp">
      <Filter>Source Files</Filter>
    </ClCompile>
    <ClCompile Include="Teleporter.cpp">
      <Filter>Source Files</Filter>
    </ClCompile>
    <ClCompile Include="Textures.cpp">
      <Filter>Source Files</Filter>
    </ClCompile>
    <ClCompile Include="Utils.cpp">
      <Filter>Source Files</Filter>
    </ClCompile>
    <ClCompile Include="Animator.cpp">
      <Filter>Source Files\Animator</Filter>
    </ClCompile>
    <ClCompile Include="Animator_Floater.cpp">
      <Filter>Source Files\Animator</Filter>
    </ClCompile>
    <ClCompile Include="Animator_Jason.cpp">
      <Filter>Source Files\Animator</Filter>
    </ClCompile>
    <ClCompile Include="Animator_Jumper.cpp">
      <Filter>Source Files\Animator</Filter>
    </ClCompile>
    <ClCompile Include="Animator_Mine_Explosion.cpp">
      <Filter>Source Files\Animator</Filter>
    </ClCompile>
    <ClCompile Include="Animator_Sophia.cpp">
      <Filter>Source Files\Animator</Filter>
    </ClCompile>
    <ClCompile Include="Bullet_Jason.cpp">
      <Filter>Source Files\Bullet</Filter>
    </ClCompile>
    <ClCompile Include="Floater_Bullet.cpp">
      <Filter>Source Files\Bullet</Filter>
    </ClCompile>
    <ClCompile Include="MineBullet.cpp">
      <Filter>Source Files\Bullet</Filter>
    </ClCompile>
    <ClCompile Include="Skull_Bullet.cpp">
      <Filter>Source Files\Bullet</Filter>
    </ClCompile>
    <ClCompile Include="Dome.cpp">
      <Filter>Source Files\Enemy</Filter>
    </ClCompile>
    <ClCompile Include="Eyeball.cpp">
      <Filter>Source Files\Enemy</Filter>
    </ClCompile>
    <ClCompile Include="Floater.cpp">
      <Filter>Source Files\Enemy</Filter>
    </ClCompile>
    <ClCompile Include="Insect.cpp">
      <Filter>Source Files\Enemy</Filter>
    </ClCompile>
    <ClCompile Include="Jumper.cpp">
      <Filter>Source Files\Enemy</Filter>
    </ClCompile>
    <ClCompile Include="Mine.cpp">
      <Filter>Source Files\Enemy</Filter>
    </ClCompile>
    <ClCompile Include="Orb.cpp">
      <Filter>Source Files\Enemy</Filter>
    </ClCompile>
    <ClCompile Include="Skull.cpp">
      <Filter>Source Files\Enemy</Filter>
    </ClCompile>
    <ClCompile Include="Worm.cpp">
      <Filter>Source Files\Enemy</Filter>
    </ClCompile>
    <ClCompile Include="Canon.cpp">
      <Filter>Source Files\Enemy</Filter>
    </ClCompile>
    <ClCompile Include="Explosive.cpp">
      <Filter>Source Files\Explosion</Filter>
    </ClCompile>
    <ClCompile Include="Mine_Explosion.cpp">
      <Filter>Source Files\Explosion</Filter>
    </ClCompile>
    <ClCompile Include="Sophia.cpp">
      <Filter>Source Files\Playable</Filter>
    </ClCompile>
    <ClCompile Include="Jason.cpp">
      <Filter>Source Files\Playable</Filter>
    </ClCompile>
    <ClCompile Include="Scene.cpp">
      <Filter>Source Files</Filter>
    </ClCompile>
    <ClCompile Include="BigGate.cpp" />
  </ItemGroup>
  <ItemGroup>
    <ClInclude Include="Camera.h">
      <Filter>Header Files</Filter>
    </ClInclude>
    <ClInclude Include="ColliableBrick.h">
      <Filter>Header Files</Filter>
    </ClInclude>
    <ClInclude Include="CollisionEvent.h">
      <Filter>Header Files</Filter>
    </ClInclude>
    <ClInclude Include="CollisionSystem.h">
      <Filter>Header Files</Filter>
    </ClInclude>
    <ClInclude Include="Debug.h">
      <Filter>Header Files</Filter>
    </ClInclude>
    <ClInclude Include="DInput.h">
      <Filter>Header Files</Filter>
    </ClInclude>
    <ClInclude Include="DynamicObject.h">
      <Filter>Header Files</Filter>
    </ClInclude>
    <ClInclude Include="Game.h">
      <Filter>Header Files</Filter>
    </ClInclude>
    <ClInclude Include="GameObject.h">
      <Filter>Header Files</Filter>
    </ClInclude>
    <ClInclude Include="Intangibility.h">
      <Filter>Header Files</Filter>
    </ClInclude>
    <ClInclude Include="RECT.h">
      <Filter>Header Files</Filter>
    </ClInclude>
    <ClInclude Include="PlayScene.h">
      <Filter>Header Files</Filter>
    </ClInclude>
    <ClInclude Include="RigidBody.h">
      <Filter>Header Files</Filter>
    </ClInclude>
    <ClInclude Include="Sprites.h">
      <Filter>Header Files</Filter>
    </ClInclude>
    <ClInclude Include="StateConstant.h">
      <Filter>Header Files</Filter>
    </ClInclude>
    <ClInclude Include="StaticObject.h">
      <Filter>Header Files</Filter>
    </ClInclude>
    <ClInclude Include="Teleporter.h">
      <Filter>Header Files</Filter>
    </ClInclude>
    <ClInclude Include="Textures.h">
      <Filter>Header Files</Filter>
    </ClInclude>
    <ClInclude Include="Utils.h">
      <Filter>Header Files</Filter>
    </ClInclude>
    <ClInclude Include="Animator.h">
      <Filter>Header Files\Animator</Filter>
    </ClInclude>
    <ClInclude Include="Animator_Floater.h">
      <Filter>Header Files\Animator</Filter>
    </ClInclude>
    <ClInclude Include="Animator_Jason.h">
      <Filter>Header Files\Animator</Filter>
    </ClInclude>
    <ClInclude Include="Animator_Jumper.h">
      <Filter>Header Files\Animator</Filter>
    </ClInclude>
    <ClInclude Include="Animator_Mine_Explosion.h">
      <Filter>Header Files\Animator</Filter>
    </ClInclude>
    <ClInclude Include="Animator_Sophia.h">
      <Filter>Header Files\Animator</Filter>
    </ClInclude>
    <ClInclude Include="Bullet_Jason.h">
      <Filter>Header Files\Bullet</Filter>
    </ClInclude>
    <ClInclude Include="MineBullet.h">
      <Filter>Header Files\Bullet</Filter>
    </ClInclude>
    <ClInclude Include="Skull_Bullet.h">
      <Filter>Header Files\Bullet</Filter>
    </ClInclude>
    <ClInclude Include="Floater_Bullet.h">
      <Filter>Header Files\Bullet</Filter>
    </ClInclude>
    <ClInclude Include="Canon.h">
      <Filter>Header Files\Enemy</Filter>
    </ClInclude>
    <ClInclude Include="Dome.h">
      <Filter>Header Files\Enemy</Filter>
    </ClInclude>
    <ClInclude Include="Eyeball.h">
      <Filter>Header Files\Enemy</Filter>
    </ClInclude>
    <ClInclude Include="Floater.h">
      <Filter>Header Files\Enemy</Filter>
    </ClInclude>
    <ClInclude Include="Insect.h">
      <Filter>Header Files\Enemy</Filter>
    </ClInclude>
    <ClInclude Include="Jumper.h">
      <Filter>Header Files\Enemy</Filter>
    </ClInclude>
    <ClInclude Include="Mine.h">
      <Filter>Header Files\Enemy</Filter>
    </ClInclude>
    <ClInclude Include="Orb.h">
      <Filter>Header Files\Enemy</Filter>
    </ClInclude>
    <ClInclude Include="Skull.h">
      <Filter>Header Files\Enemy</Filter>
    </ClInclude>
    <ClInclude Include="Worm.h">
      <Filter>Header Files\Enemy</Filter>
    </ClInclude>
    <ClInclude Include="Explosive.h">
      <Filter>Header Files\Explosion</Filter>
    </ClInclude>
    <ClInclude Include="Mine_Explosion.h">
      <Filter>Header Files\Explosion</Filter>
    </ClInclude>
    <ClInclude Include="Jason.h">
      <Filter>Header Files\Playable</Filter>
    </ClInclude>
    <ClInclude Include="Sophia.h">
      <Filter>Header Files\Playable</Filter>
    </ClInclude>
    <ClInclude Include="Scene.h">
      <Filter>Header Files</Filter>
    </ClInclude>
    <ClInclude Include="BigGate.h">
      <Filter>Header Files</Filter>
    </ClInclude>
  </ItemGroup>
  <ItemGroup>
    <Image Include="D:\DOWNLOAD\P2_Jason.png">
      <Filter>Resource Files</Filter>
    </Image>
    <Image Include="Sprite\FlyingEye.png">
      <Filter>Resource Files</Filter>
    </Image>
    <Image Include="map.png">
      <Filter>Resource Files</Filter>
    </Image>
  </ItemGroup>
  <ItemGroup>
    <Text Include="game-info.txt">
      <Filter>Resource Files</Filter>
    </Text>
    <Text Include="scene1.txt">
      <Filter>Resource Files</Filter>
    </Text>
  </ItemGroup>
  <ItemGroup>
    <Filter Include="Header Files">
      <UniqueIdentifier>{d6599791-205b-4006-bee6-7cd72eae17f1}</UniqueIdentifier>
    </Filter>
    <Filter Include="Source Files">
      <UniqueIdentifier>{7d277b31-954e-456a-8e2e-876fbb24e1ea}</UniqueIdentifier>
    </Filter>
    <Filter Include="Resource Files">
      <UniqueIdentifier>{c0bfb831-192e-4277-a787-7d7815b142bc}</UniqueIdentifier>
    </Filter>
    <Filter Include="Header Files\Animator">
      <UniqueIdentifier>{c54be954-ae7d-45cd-b0ad-cd8d15eed48f}</UniqueIdentifier>
    </Filter>
    <Filter Include="Header Files\Bullet">
      <UniqueIdentifier>{d9fa4d3e-4ad3-4253-b308-0237be669e58}</UniqueIdentifier>
    </Filter>
    <Filter Include="Header Files\Explosion">
      <UniqueIdentifier>{a7bb85b1-9994-4686-99c2-b5db66b88b3a}</UniqueIdentifier>
    </Filter>
    <Filter Include="Header Files\Enemy">
      <UniqueIdentifier>{72fae50e-72f0-486a-8bd5-62283d89eac0}</UniqueIdentifier>
    </Filter>
    <Filter Include="Header Files\Playable">
      <UniqueIdentifier>{e92b6dba-6273-4e81-9c0b-4670f6e051c1}</UniqueIdentifier>
    </Filter>
    <Filter Include="Source Files\Animator">
      <UniqueIdentifier>{d6bd526c-89f3-48a0-a950-f1ef3c0756eb}</UniqueIdentifier>
    </Filter>
    <Filter Include="Source Files\Bullet">
      <UniqueIdentifier>{99175eff-f18e-40ad-a795-6c3bc30bd52f}</UniqueIdentifier>
    </Filter>
    <Filter Include="Source Files\Explosion">
      <UniqueIdentifier>{6a7d8bc1-19e7-4cef-aedd-ac24a8059a3b}</UniqueIdentifier>
    </Filter>
    <Filter Include="Source Files\Enemy">
      <UniqueIdentifier>{0c8860d5-d7ff-46d3-bafb-a125604bafb1}</UniqueIdentifier>
    </Filter>
    <Filter Include="Source Files\Playable">
      <UniqueIdentifier>{e4cf40ae-1f3f-4eea-8a64-a02edf9de3a7}</UniqueIdentifier>
    </Filter>
  </ItemGroup>
</Project>